
Microsoft Visual Studio Solution File, Format Version 12.00
# Visual Studio Version 16
VisualStudioVersion = 16.0.30204.135
MinimumVisualStudioVersion = 10.0.40219.1
Project("{FAE04EC0-301F-11D3-BF4B-00C04F79EFBC}") = "Server", "Server\Server.csproj", "{918F03D1-F3D9-4278-8535-F7EB9F4591CB}"
EndProject
Global
	GlobalSection(SolutionConfigurationPlatforms) = preSolution
		Debug|Any CPU = Debug|Any CPU
		Release|Any CPU = Release|Any CPU
	EndGlobalSection
	GlobalSection(ProjectConfigurationPlatforms) = postSolution
		{918F03D1-F3D9-4278-8535-F7EB9F4591CB}.Debug|Any CPU.ActiveCfg = Debug|Any CPU
		{918F03D1-F3D9-4278-8535-F7EB9F4591CB}.Debug|Any CPU.Build.0 = Debug|Any CPU
		{918F03D1-F3D9-4278-8535-F7EB9F4591CB}.Release|Any CPU.ActiveCfg = Release|Any CPU
		{918F03D1-F3D9-4278-8535-F7EB9F4591CB}.Release|Any CPU.Build.0 = Release|Any CPU
	EndGlobalSection
	GlobalSection(SolutionProperties) = preSolution
		HideSolutionNode = FALSE
	EndGlobalSection
	GlobalSection(ExtensibilityGlobals) = postSolution
		SolutionGuid = {A59F967C-2467-4432-ACF4-24B83A1FB955}
	EndGlobalSection
EndGlobal
